// !$*UTF8*$!
{
	archiveVersion = 1;
	classes = {
	};
	objectVersion = 46;
	objects = {

/* Begin PBXBuildFile section */
		0301B0E014F5FBF800CDB154 /* ResponderTrace.m in Sources */ = {isa = PBXBuildFile; fileRef = 0301B0DF14F5FBF800CDB154 /* ResponderTrace.m */; };
		0353093114F02EE9002E9A5E /* Cocoa.framework in Frameworks */ = {isa = PBXBuildFile; fileRef = 0353093014F02EE9002E9A5E /* Cocoa.framework */; };
		0353093B14F02EE9002E9A5E /* InfoPlist.strings in Resources */ = {isa = PBXBuildFile; fileRef = 0353093914F02EE9002E9A5E /* InfoPlist.strings */; };
		0353093D14F02EE9002E9A5E /* main.m in Sources */ = {isa = PBXBuildFile; fileRef = 0353093C14F02EE9002E9A5E /* main.m */; };
		0353094114F02EE9002E9A5E /* Credits.rtf in Resources */ = {isa = PBXBuildFile; fileRef = 0353093F14F02EE9002E9A5E /* Credits.rtf */; };
		0353094414F02EE9002E9A5E /* RSAppDelegate.m in Sources */ = {isa = PBXBuildFile; fileRef = 0353094314F02EE9002E9A5E /* RSAppDelegate.m */; };
		0353094714F02EEA002E9A5E /* MainMenu.xib in Resources */ = {isa = PBXBuildFile; fileRef = 0353094514F02EEA002E9A5E /* MainMenu.xib */; };
		0353095514F0318C002E9A5E /* NSView+RSPositionView.m in Sources */ = {isa = PBXBuildFile; fileRef = 0353095414F0318C002E9A5E /* NSView+RSPositionView.m */; };
		0353095914F031A9002E9A5E /* RSTrixieEditor.m in Sources */ = {isa = PBXBuildFile; fileRef = 0353095714F031A9002E9A5E /* RSTrixieEditor.m */; };
		0353095A14F031A9002E9A5E /* RSTrixieEditor.xib in Resources */ = {isa = PBXBuildFile; fileRef = 0353095814F031A9002E9A5E /* RSTrixieEditor.xib */; };
		0353095C14F03213002E9A5E /* RSTrixiePlugin.framework in Frameworks */ = {isa = PBXBuildFile; fileRef = 0353095B14F03213002E9A5E /* RSTrixiePlugin.framework */; };
		0353096114F03355002E9A5E /* ActionClick.bundle in CopyFiles */ = {isa = PBXBuildFile; fileRef = 0353096014F03355002E9A5E /* ActionClick.bundle */; };
		0353096314F033F7002E9A5E /* RSTrixieBrowser.xib in Resources */ = {isa = PBXBuildFile; fileRef = 0353096214F033F7002E9A5E /* RSTrixieBrowser.xib */; };
		0353096614F03414002E9A5E /* RSTrixieBrowser.m in Sources */ = {isa = PBXBuildFile; fileRef = 0353096514F03414002E9A5E /* RSTrixieBrowser.m */; };
		0353096814F03FE4002E9A5E /* WebKit.framework in Frameworks */ = {isa = PBXBuildFile; fileRef = 0353096714F03FE4002E9A5E /* WebKit.framework */; };
		03530A1C14F065ED002E9A5E /* ActionLoad.bundle in CopyFiles */ = {isa = PBXBuildFile; fileRef = 03530A1B14F065ED002E9A5E /* ActionLoad.bundle */; };
		03530A1E14F065F7002E9A5E /* ActionMouseOver.bundle in CopyFiles */ = {isa = PBXBuildFile; fileRef = 03530A1D14F065F7002E9A5E /* ActionMouseOver.bundle */; };
		03530A2014F06605002E9A5E /* ActionMouseOut.bundle in CopyFiles */ = {isa = PBXBuildFile; fileRef = 03530A1F14F06605002E9A5E /* ActionMouseOut.bundle */; };
		03530A2214F06611002E9A5E /* ActionFocus.bundle in CopyFiles */ = {isa = PBXBuildFile; fileRef = 03530A2114F06611002E9A5E /* ActionFocus.bundle */; };
		03530C0E14F09EE7002E9A5E /* ActionBlur.bundle in CopyFiles */ = {isa = PBXBuildFile; fileRef = 03530C0D14F09EE7002E9A5E /* ActionBlur.bundle */; };
		03530C1014F09EFD002E9A5E /* ActionMouseUp.bundle in CopyFiles */ = {isa = PBXBuildFile; fileRef = 03530C0F14F09EFD002E9A5E /* ActionMouseUp.bundle */; };
		03530C1214F09F0C002E9A5E /* ActionMouseDown.bundle in CopyFiles */ = {isa = PBXBuildFile; fileRef = 03530C1114F09F0C002E9A5E /* ActionMouseDown.bundle */; };
		03530C1414F09F18002E9A5E /* ActionChange.bundle in CopyFiles */ = {isa = PBXBuildFile; fileRef = 03530C1314F09F18002E9A5E /* ActionChange.bundle */; };
		03530C1614F09F21002E9A5E /* ActionResize.bundle in CopyFiles */ = {isa = PBXBuildFile; fileRef = 03530C1514F09F21002E9A5E /* ActionResize.bundle */; };
		03530C1814F09F28002E9A5E /* ActionScroll.bundle in CopyFiles */ = {isa = PBXBuildFile; fileRef = 03530C1714F09F28002E9A5E /* ActionScroll.bundle */; };
		03530C1A14F09F3B002E9A5E /* ActionSubmit.bundle in CopyFiles */ = {isa = PBXBuildFile; fileRef = 03530C1914F09F3B002E9A5E /* ActionSubmit.bundle */; };
		03530C1C14F09F45002E9A5E /* ActionUnload.bundle in CopyFiles */ = {isa = PBXBuildFile; fileRef = 03530C1B14F09F45002E9A5E /* ActionUnload.bundle */; };
		03530C1E14F09F4D002E9A5E /* ActionDoubleClick.bundle in CopyFiles */ = {isa = PBXBuildFile; fileRef = 03530C1D14F09F4D002E9A5E /* ActionDoubleClick.bundle */; };
		03530C2014F09F57002E9A5E /* ActionSelect.bundle in CopyFiles */ = {isa = PBXBuildFile; fileRef = 03530C1F14F09F57002E9A5E /* ActionSelect.bundle */; };
		03530C2214F09F61002E9A5E /* ActionDrop.bundle in CopyFiles */ = {isa = PBXBuildFile; fileRef = 03530C2114F09F61002E9A5E /* ActionDrop.bundle */; };
		03530C2414F09F69002E9A5E /* ActionKeyUp.bundle in CopyFiles */ = {isa = PBXBuildFile; fileRef = 03530C2314F09F69002E9A5E /* ActionKeyUp.bundle */; };
		03530C9014F0A9F1002E9A5E /* ReactionAddClass.bundle in CopyFiles */ = {isa = PBXBuildFile; fileRef = 03530C8F14F0A9F1002E9A5E /* ReactionAddClass.bundle */; };
		03530C9214F0A9F4002E9A5E /* ReactionRemoveClass.bundle in CopyFiles */ = {isa = PBXBuildFile; fileRef = 03530C9114F0A9F4002E9A5E /* ReactionRemoveClass.bundle */; };
		035BD8A814F87A2C00AED64D /* RSTrixieTable.m in Sources */ = {isa = PBXBuildFile; fileRef = 035BD8A614F87A2C00AED64D /* RSTrixieTable.m */; };
		035BD8A914F87A2C00AED64D /* RSTrixieTable.xib in Resources */ = {isa = PBXBuildFile; fileRef = 035BD8A714F87A2C00AED64D /* RSTrixieTable.xib */; };
		037063AE14F73CD100B3AF0D /* RSTrixie-constants.m in Sources */ = {isa = PBXBuildFile; fileRef = 037063AD14F73CD100B3AF0D /* RSTrixie-constants.m */; };
		038655BA14F1751F0054E026 /* ConditionHasClass.bundle in CopyFiles */ = {isa = PBXBuildFile; fileRef = 038655B914F1751F0054E026 /* ConditionHasClass.bundle */; };
		0386561A14F18C190054E026 /* ConditionValue.bundle in CopyFiles */ = {isa = PBXBuildFile; fileRef = 0386561914F18C190054E026 /* ConditionValue.bundle */; };
		0386564514F18C800054E026 /* ConditionStatus.bundle in CopyFiles */ = {isa = PBXBuildFile; fileRef = 0386564414F18C800054E026 /* ConditionStatus.bundle */; };
		03DB6C7514F0D4770078618C /* RSWebView.m in Sources */ = {isa = PBXBuildFile; fileRef = 03DB6C7414F0D4770078618C /* RSWebView.m */; };
		03FCEBD314F324BF00CD55B6 /* HelpController.m in Sources */ = {isa = PBXBuildFile; fileRef = 03FCEBD214F324BF00CD55B6 /* HelpController.m */; };
		03FCEBDA14F47D9900CD55B6 /* PreferencesController.m in Sources */ = {isa = PBXBuildFile; fileRef = 03FCEBD814F47D9900CD55B6 /* PreferencesController.m */; };
		03FCEBDB14F47D9900CD55B6 /* PreferencesController.xib in Resources */ = {isa = PBXBuildFile; fileRef = 03FCEBD914F47D9900CD55B6 /* PreferencesController.xib */; };
/* End PBXBuildFile section */

/* Begin PBXCopyFilesBuildPhase section */
		0353095D14F03339002E9A5E /* CopyFiles */ = {
			isa = PBXCopyFilesBuildPhase;
			buildActionMask = 2147483647;
			dstPath = "";
			dstSubfolderSpec = 13;
			files = (
				0353096114F03355002E9A5E /* ActionClick.bundle in CopyFiles */,
				03530A1C14F065ED002E9A5E /* ActionLoad.bundle in CopyFiles */,
				03530A1E14F065F7002E9A5E /* ActionMouseOver.bundle in CopyFiles */,
				03530A2014F06605002E9A5E /* ActionMouseOut.bundle in CopyFiles */,
				03530C0E14F09EE7002E9A5E /* ActionBlur.bundle in CopyFiles */,
				03530C1814F09F28002E9A5E /* ActionScroll.bundle in CopyFiles */,
				03530C9014F0A9F1002E9A5E /* ReactionAddClass.bundle in CopyFiles */,
				03530C1614F09F21002E9A5E /* ActionResize.bundle in CopyFiles */,
				03530C9214F0A9F4002E9A5E /* ReactionRemoveClass.bundle in CopyFiles */,
				03530C1C14F09F45002E9A5E /* ActionUnload.bundle in CopyFiles */,
				03530C2214F09F61002E9A5E /* ActionDrop.bundle in CopyFiles */,
				03530C2414F09F69002E9A5E /* ActionKeyUp.bundle in CopyFiles */,
				03530C1E14F09F4D002E9A5E /* ActionDoubleClick.bundle in CopyFiles */,
				03530C1414F09F18002E9A5E /* ActionChange.bundle in CopyFiles */,
				038655BA14F1751F0054E026 /* ConditionHasClass.bundle in CopyFiles */,
				0386561A14F18C190054E026 /* ConditionValue.bundle in CopyFiles */,
				0386564514F18C800054E026 /* ConditionStatus.bundle in CopyFiles */,
				03530C1014F09EFD002E9A5E /* ActionMouseUp.bundle in CopyFiles */,
				03530C2014F09F57002E9A5E /* ActionSelect.bundle in CopyFiles */,
				03530C1214F09F0C002E9A5E /* ActionMouseDown.bundle in CopyFiles */,
				03530C1A14F09F3B002E9A5E /* ActionSubmit.bundle in CopyFiles */,
				03530A2214F06611002E9A5E /* ActionFocus.bundle in CopyFiles */,
			);
			runOnlyForDeploymentPostprocessing = 0;
		};
/* End PBXCopyFilesBuildPhase section */

/* Begin PBXFileReference section */
		0301B0DE14F5FBF800CDB154 /* ResponderTrace.h */ = {isa = PBXFileReference; fileEncoding = 4; lastKnownFileType = sourcecode.c.h; path = ResponderTrace.h; sourceTree = "<group>"; };
		0301B0DF14F5FBF800CDB154 /* ResponderTrace.m */ = {isa = PBXFileReference; fileEncoding = 4; lastKnownFileType = sourcecode.c.objc; path = ResponderTrace.m; sourceTree = "<group>"; };
		0353092C14F02EE9002E9A5E /* RSTrixieEditor.app */ = {isa = PBXFileReference; explicitFileType = wrapper.application; includeInIndex = 0; path = RSTrixieEditor.app; sourceTree = BUILT_PRODUCTS_DIR; };
		0353093014F02EE9002E9A5E /* Cocoa.framework */ = {isa = PBXFileReference; lastKnownFileType = wrapper.framework; name = Cocoa.framework; path = System/Library/Frameworks/Cocoa.framework; sourceTree = SDKROOT; };
		0353093314F02EE9002E9A5E /* AppKit.framework */ = {isa = PBXFileReference; lastKnownFileType = wrapper.framework; name = AppKit.framework; path = System/Library/Frameworks/AppKit.framework; sourceTree = SDKROOT; };
		0353093414F02EE9002E9A5E /* CoreData.framework */ = {isa = PBXFileReference; lastKnownFileType = wrapper.framework; name = CoreData.framework; path = System/Library/Frameworks/CoreData.framework; sourceTree = SDKROOT; };
		0353093514F02EE9002E9A5E /* Foundation.framework */ = {isa = PBXFileReference; lastKnownFileType = wrapper.framework; name = Foundation.framework; path = System/Library/Frameworks/Foundation.framework; sourceTree = SDKROOT; };
		0353093814F02EE9002E9A5E /* RSTrixieEditor-Info.plist */ = {isa = PBXFileReference; lastKnownFileType = text.plist.xml; path = "RSTrixieEditor-Info.plist"; sourceTree = "<group>"; };
		0353093A14F02EE9002E9A5E /* en */ = {isa = PBXFileReference; lastKnownFileType = text.plist.strings; name = en; path = en.lproj/InfoPlist.strings; sourceTree = "<group>"; };
		0353093C14F02EE9002E9A5E /* main.m */ = {isa = PBXFileReference; lastKnownFileType = sourcecode.c.objc; path = main.m; sourceTree = "<group>"; };
		0353093E14F02EE9002E9A5E /* RSTrixieEditor-Prefix.pch */ = {isa = PBXFileReference; lastKnownFileType = sourcecode.c.h; path = "RSTrixieEditor-Prefix.pch"; sourceTree = "<group>"; };
		0353094014F02EE9002E9A5E /* en */ = {isa = PBXFileReference; lastKnownFileType = text.rtf; name = en; path = en.lproj/Credits.rtf; sourceTree = "<group>"; };
		0353094214F02EE9002E9A5E /* RSAppDelegate.h */ = {isa = PBXFileReference; lastKnownFileType = sourcecode.c.h; path = RSAppDelegate.h; sourceTree = "<group>"; };
		0353094314F02EE9002E9A5E /* RSAppDelegate.m */ = {isa = PBXFileReference; lastKnownFileType = sourcecode.c.objc; path = RSAppDelegate.m; sourceTree = "<group>"; };
		0353094614F02EEA002E9A5E /* en */ = {isa = PBXFileReference; lastKnownFileType = file.xib; name = en; path = en.lproj/MainMenu.xib; sourceTree = "<group>"; };
		0353095314F0318C002E9A5E /* NSView+RSPositionView.h */ = {isa = PBXFileReference; fileEncoding = 4; lastKnownFileType = sourcecode.c.h; name = "NSView+RSPositionView.h"; path = "../../RSTrixie/RSTrixie/NSView+RSPositionView.h"; sourceTree = "<group>"; };
		0353095414F0318C002E9A5E /* NSView+RSPositionView.m */ = {isa = PBXFileReference; fileEncoding = 4; lastKnownFileType = sourcecode.c.objc; name = "NSView+RSPositionView.m"; path = "../../RSTrixie/RSTrixie/NSView+RSPositionView.m"; sourceTree = "<group>"; };
		0353095614F031A9002E9A5E /* RSTrixieEditor.h */ = {isa = PBXFileReference; fileEncoding = 4; lastKnownFileType = sourcecode.c.h; name = RSTrixieEditor.h; path = ../../RSTrixie/RSTrixie/RSTrixieEditor.h; sourceTree = "<group>"; };
		0353095714F031A9002E9A5E /* RSTrixieEditor.m */ = {isa = PBXFileReference; fileEncoding = 4; lastKnownFileType = sourcecode.c.objc; name = RSTrixieEditor.m; path = ../../RSTrixie/RSTrixie/RSTrixieEditor.m; sourceTree = "<group>"; };
		0353095814F031A9002E9A5E /* RSTrixieEditor.xib */ = {isa = PBXFileReference; fileEncoding = 4; lastKnownFileType = file.xib; name = RSTrixieEditor.xib; path = ../../RSTrixie/RSTrixie/RSTrixieEditor.xib; sourceTree = "<group>"; };
		0353095B14F03213002E9A5E /* RSTrixiePlugin.framework */ = {isa = PBXFileReference; lastKnownFileType = wrapper.framework; name = RSTrixiePlugin.framework; path = "../../../../Library/Developer/Xcode/DerivedData/Workspace_Trixie-axnfrbtrkoszpiehooyethumxqxg/Build/Products/Debug/RSTrixiePlugin.framework"; sourceTree = "<group>"; };
		0353096014F03355002E9A5E /* ActionClick.bundle */ = {isa = PBXFileReference; explicitFileType = wrapper.cfbundle; path = ActionClick.bundle; sourceTree = BUILT_PRODUCTS_DIR; };
		0353096214F033F7002E9A5E /* RSTrixieBrowser.xib */ = {isa = PBXFileReference; fileEncoding = 4; lastKnownFileType = file.xib; path = RSTrixieBrowser.xib; sourceTree = "<group>"; };
		0353096414F03414002E9A5E /* RSTrixieBrowser.h */ = {isa = PBXFileReference; fileEncoding = 4; lastKnownFileType = sourcecode.c.h; path = RSTrixieBrowser.h; sourceTree = "<group>"; };
		0353096514F03414002E9A5E /* RSTrixieBrowser.m */ = {isa = PBXFileReference; fileEncoding = 4; lastKnownFileType = sourcecode.c.objc; path = RSTrixieBrowser.m; sourceTree = "<group>"; };
		0353096714F03FE4002E9A5E /* WebKit.framework */ = {isa = PBXFileReference; lastKnownFileType = wrapper.framework; name = WebKit.framework; path = System/Library/Frameworks/WebKit.framework; sourceTree = SDKROOT; };
		03530A1B14F065ED002E9A5E /* ActionLoad.bundle */ = {isa = PBXFileReference; explicitFileType = wrapper.cfbundle; path = ActionLoad.bundle; sourceTree = BUILT_PRODUCTS_DIR; };
		03530A1D14F065F7002E9A5E /* ActionMouseOver.bundle */ = {isa = PBXFileReference; explicitFileType = wrapper.cfbundle; path = ActionMouseOver.bundle; sourceTree = BUILT_PRODUCTS_DIR; };
		03530A1F14F06605002E9A5E /* ActionMouseOut.bundle */ = {isa = PBXFileReference; explicitFileType = wrapper.cfbundle; path = ActionMouseOut.bundle; sourceTree = BUILT_PRODUCTS_DIR; };
		03530A2114F06611002E9A5E /* ActionFocus.bundle */ = {isa = PBXFileReference; explicitFileType = wrapper.cfbundle; path = ActionFocus.bundle; sourceTree = BUILT_PRODUCTS_DIR; };
		03530C0D14F09EE7002E9A5E /* ActionBlur.bundle */ = {isa = PBXFileReference; explicitFileType = wrapper.cfbundle; path = ActionBlur.bundle; sourceTree = BUILT_PRODUCTS_DIR; };
		03530C0F14F09EFD002E9A5E /* ActionMouseUp.bundle */ = {isa = PBXFileReference; explicitFileType = wrapper.cfbundle; path = ActionMouseUp.bundle; sourceTree = BUILT_PRODUCTS_DIR; };
		03530C1114F09F0C002E9A5E /* ActionMouseDown.bundle */ = {isa = PBXFileReference; explicitFileType = wrapper.cfbundle; path = ActionMouseDown.bundle; sourceTree = BUILT_PRODUCTS_DIR; };
		03530C1314F09F18002E9A5E /* ActionChange.bundle */ = {isa = PBXFileReference; explicitFileType = wrapper.cfbundle; path = ActionChange.bundle; sourceTree = BUILT_PRODUCTS_DIR; };
		03530C1514F09F21002E9A5E /* ActionResize.bundle */ = {isa = PBXFileReference; explicitFileType = wrapper.cfbundle; path = ActionResize.bundle; sourceTree = BUILT_PRODUCTS_DIR; };
		03530C1714F09F28002E9A5E /* ActionScroll.bundle */ = {isa = PBXFileReference; explicitFileType = wrapper.cfbundle; path = ActionScroll.bundle; sourceTree = BUILT_PRODUCTS_DIR; };
		03530C1914F09F3B002E9A5E /* ActionSubmit.bundle */ = {isa = PBXFileReference; explicitFileType = wrapper.cfbundle; path = ActionSubmit.bundle; sourceTree = BUILT_PRODUCTS_DIR; };
		03530C1B14F09F45002E9A5E /* ActionUnload.bundle */ = {isa = PBXFileReference; explicitFileType = wrapper.cfbundle; path = ActionUnload.bundle; sourceTree = BUILT_PRODUCTS_DIR; };
		03530C1D14F09F4D002E9A5E /* ActionDoubleClick.bundle */ = {isa = PBXFileReference; explicitFileType = wrapper.cfbundle; path = ActionDoubleClick.bundle; sourceTree = BUILT_PRODUCTS_DIR; };
		03530C1F14F09F57002E9A5E /* ActionSelect.bundle */ = {isa = PBXFileReference; explicitFileType = wrapper.cfbundle; path = ActionSelect.bundle; sourceTree = BUILT_PRODUCTS_DIR; };
		03530C2114F09F61002E9A5E /* ActionDrop.bundle */ = {isa = PBXFileReference; explicitFileType = wrapper.cfbundle; path = ActionDrop.bundle; sourceTree = BUILT_PRODUCTS_DIR; };
		03530C2314F09F69002E9A5E /* ActionKeyUp.bundle */ = {isa = PBXFileReference; explicitFileType = wrapper.cfbundle; path = ActionKeyUp.bundle; sourceTree = BUILT_PRODUCTS_DIR; };
		03530C8F14F0A9F1002E9A5E /* ReactionAddClass.bundle */ = {isa = PBXFileReference; explicitFileType = wrapper.cfbundle; path = ReactionAddClass.bundle; sourceTree = BUILT_PRODUCTS_DIR; };
		03530C9114F0A9F4002E9A5E /* ReactionRemoveClass.bundle */ = {isa = PBXFileReference; explicitFileType = wrapper.cfbundle; path = ReactionRemoveClass.bundle; sourceTree = BUILT_PRODUCTS_DIR; };
		035BD8A514F87A2C00AED64D /* RSTrixieTable.h */ = {isa = PBXFileReference; fileEncoding = 4; lastKnownFileType = sourcecode.c.h; name = RSTrixieTable.h; path = ../../RSTrixieTable.h; sourceTree = "<group>"; };
		035BD8A614F87A2C00AED64D /* RSTrixieTable.m */ = {isa = PBXFileReference; fileEncoding = 4; lastKnownFileType = sourcecode.c.objc; name = RSTrixieTable.m; path = ../../RSTrixieTable.m; sourceTree = "<group>"; };
		035BD8A714F87A2C00AED64D /* RSTrixieTable.xib */ = {isa = PBXFileReference; fileEncoding = 4; lastKnownFileType = file.xib; name = RSTrixieTable.xib; path = ../../RSTrixieTable.xib; sourceTree = "<group>"; };
		037063AB14F736CF00B3AF0D /* RSTrixie-constants.h */ = {isa = PBXFileReference; lastKnownFileType = sourcecode.c.h; path = "RSTrixie-constants.h"; sourceTree = "<group>"; };
		037063AD14F73CD100B3AF0D /* RSTrixie-constants.m */ = {isa = PBXFileReference; fileEncoding = 4; lastKnownFileType = sourcecode.c.objc; path = "RSTrixie-constants.m"; sourceTree = "<group>"; };
		038655B914F1751F0054E026 /* ConditionHasClass.bundle */ = {isa = PBXFileReference; explicitFileType = wrapper.cfbundle; path = ConditionHasClass.bundle; sourceTree = BUILT_PRODUCTS_DIR; };
		0386561914F18C190054E026 /* ConditionValue.bundle */ = {isa = PBXFileReference; explicitFileType = wrapper.cfbundle; path = ConditionValue.bundle; sourceTree = BUILT_PRODUCTS_DIR; };
		0386564414F18C800054E026 /* ConditionStatus.bundle */ = {isa = PBXFileReference; explicitFileType = wrapper.cfbundle; path = ConditionStatus.bundle; sourceTree = BUILT_PRODUCTS_DIR; };
		03DB6C7314F0D4770078618C /* RSWebView.h */ = {isa = PBXFileReference; fileEncoding = 4; lastKnownFileType = sourcecode.c.h; path = RSWebView.h; sourceTree = "<group>"; };
		03DB6C7414F0D4770078618C /* RSWebView.m */ = {isa = PBXFileReference; fileEncoding = 4; lastKnownFileType = sourcecode.c.objc; path = RSWebView.m; sourceTree = "<group>"; };
		03FCEBD114F324BF00CD55B6 /* HelpController.h */ = {isa = PBXFileReference; fileEncoding = 4; lastKnownFileType = sourcecode.c.h; path = HelpController.h; sourceTree = "<group>"; };
		03FCEBD214F324BF00CD55B6 /* HelpController.m */ = {isa = PBXFileReference; fileEncoding = 4; lastKnownFileType = sourcecode.c.objc; path = HelpController.m; sourceTree = "<group>"; };
		03FCEBD714F47D9900CD55B6 /* PreferencesController.h */ = {isa = PBXFileReference; fileEncoding = 4; lastKnownFileType = sourcecode.c.h; path = PreferencesController.h; sourceTree = "<group>"; };
		03FCEBD814F47D9900CD55B6 /* PreferencesController.m */ = {isa = PBXFileReference; fileEncoding = 4; lastKnownFileType = sourcecode.c.objc; path = PreferencesController.m; sourceTree = "<group>"; };
		03FCEBD914F47D9900CD55B6 /* PreferencesController.xib */ = {isa = PBXFileReference; fileEncoding = 4; lastKnownFileType = file.xib; path = PreferencesController.xib; sourceTree = "<group>"; };
/* End PBXFileReference section */

/* Begin PBXFrameworksBuildPhase section */
		0353092914F02EE9002E9A5E /* Frameworks */ = {
			isa = PBXFrameworksBuildPhase;
			buildActionMask = 2147483647;
			files = (
				0353096814F03FE4002E9A5E /* WebKit.framework in Frameworks */,
				0353095C14F03213002E9A5E /* RSTrixiePlugin.framework in Frameworks */,
				0353093114F02EE9002E9A5E /* Cocoa.framework in Frameworks */,
			);
			runOnlyForDeploymentPostprocessing = 0;
		};
/* End PBXFrameworksBuildPhase section */

/* Begin PBXGroup section */
		0353092114F02EE9002E9A5E = {
			isa = PBXGroup;
			children = (
				0353093614F02EE9002E9A5E /* RSTrixieEditor */,
				0353092F14F02EE9002E9A5E /* Frameworks */,
				0353092D14F02EE9002E9A5E /* Products */,
			);
			sourceTree = "<group>";
		};
		0353092D14F02EE9002E9A5E /* Products */ = {
			isa = PBXGroup;
			children = (
				0353092C14F02EE9002E9A5E /* RSTrixieEditor.app */,
			);
			name = Products;
			sourceTree = "<group>";
		};
		0353092F14F02EE9002E9A5E /* Frameworks */ = {
			isa = PBXGroup;
			children = (
				0353096714F03FE4002E9A5E /* WebKit.framework */,
				0353095B14F03213002E9A5E /* RSTrixiePlugin.framework */,
				0353093014F02EE9002E9A5E /* Cocoa.framework */,
				0353093214F02EE9002E9A5E /* Other Frameworks */,
			);
			name = Frameworks;
			sourceTree = "<group>";
		};
		0353093214F02EE9002E9A5E /* Other Frameworks */ = {
			isa = PBXGroup;
			children = (
				0353093314F02EE9002E9A5E /* AppKit.framework */,
				0353093414F02EE9002E9A5E /* CoreData.framework */,
				0353093514F02EE9002E9A5E /* Foundation.framework */,
			);
			name = "Other Frameworks";
			sourceTree = "<group>";
		};
		0353093614F02EE9002E9A5E /* RSTrixieEditor */ = {
			isa = PBXGroup;
			children = (
				0353094214F02EE9002E9A5E /* RSAppDelegate.h */,
				0353094314F02EE9002E9A5E /* RSAppDelegate.m */,
				03FCEBD714F47D9900CD55B6 /* PreferencesController.h */,
				03FCEBD814F47D9900CD55B6 /* PreferencesController.m */,
				03FCEBD914F47D9900CD55B6 /* PreferencesController.xib */,
				0353096A14F05055002E9A5E /* Editor */,
				0353096914F05036002E9A5E /* Browser */,
				0353094514F02EEA002E9A5E /* MainMenu.xib */,
				0353093714F02EE9002E9A5E /* Supporting Files */,
			);
			path = RSTrixieEditor;
			sourceTree = "<group>";
		};
		0353093714F02EE9002E9A5E /* Supporting Files */ = {
			isa = PBXGroup;
			children = (
				03530C9414F0AA1C002E9A5E /* Actions */,
				03530C9314F0AA07002E9A5E /* Reactions */,
				038655EE14F179600054E026 /* Conditions */,
				0353095314F0318C002E9A5E /* NSView+RSPositionView.h */,
				0353095414F0318C002E9A5E /* NSView+RSPositionView.m */,
				0353093814F02EE9002E9A5E /* RSTrixieEditor-Info.plist */,
				0353093914F02EE9002E9A5E /* InfoPlist.strings */,
				0353093C14F02EE9002E9A5E /* main.m */,
				0353093E14F02EE9002E9A5E /* RSTrixieEditor-Prefix.pch */,
				0353093F14F02EE9002E9A5E /* Credits.rtf */,
				0301B0DE14F5FBF800CDB154 /* ResponderTrace.h */,
				0301B0DF14F5FBF800CDB154 /* ResponderTrace.m */,
				037063AB14F736CF00B3AF0D /* RSTrixie-constants.h */,
				037063AD14F73CD100B3AF0D /* RSTrixie-constants.m */,
			);
			name = "Supporting Files";
			sourceTree = "<group>";
		};
		0353096914F05036002E9A5E /* Browser */ = {
			isa = PBXGroup;
			children = (
				0353096414F03414002E9A5E /* RSTrixieBrowser.h */,
				0353096514F03414002E9A5E /* RSTrixieBrowser.m */,
				0353096214F033F7002E9A5E /* RSTrixieBrowser.xib */,
				03DB6C7314F0D4770078618C /* RSWebView.h */,
				03DB6C7414F0D4770078618C /* RSWebView.m */,
			);
			name = Browser;
			sourceTree = "<group>";
		};
		0353096A14F05055002E9A5E /* Editor */ = {
			isa = PBXGroup;
			children = (
				0353095614F031A9002E9A5E /* RSTrixieEditor.h */,
				0353095714F031A9002E9A5E /* RSTrixieEditor.m */,
				0353095814F031A9002E9A5E /* RSTrixieEditor.xib */,
				03FCEBD114F324BF00CD55B6 /* HelpController.h */,
				03FCEBD214F324BF00CD55B6 /* HelpController.m */,
				035BD8A514F87A2C00AED64D /* RSTrixieTable.h */,
				035BD8A614F87A2C00AED64D /* RSTrixieTable.m */,
				035BD8A714F87A2C00AED64D /* RSTrixieTable.xib */,
			);
			name = Editor;
			sourceTree = "<group>";
		};
		03530C9314F0AA07002E9A5E /* Reactions */ = {
			isa = PBXGroup;
			children = (
				03530C9114F0A9F4002E9A5E /* ReactionRemoveClass.bundle */,
				03530C8F14F0A9F1002E9A5E /* ReactionAddClass.bundle */,
			);
			name = Reactions;
			path = ..;
			sourceTree = "<group>";
		};
		03530C9414F0AA1C002E9A5E /* Actions */ = {
			isa = PBXGroup;
			children = (
				03530C2314F09F69002E9A5E /* ActionKeyUp.bundle */,
				03530C2114F09F61002E9A5E /* ActionDrop.bundle */,
				03530C1F14F09F57002E9A5E /* ActionSelect.bundle */,
				03530C1D14F09F4D002E9A5E /* ActionDoubleClick.bundle */,
				03530C1B14F09F45002E9A5E /* ActionUnload.bundle */,
				03530C1914F09F3B002E9A5E /* ActionSubmit.bundle */,
				03530C1714F09F28002E9A5E /* ActionScroll.bundle */,
				03530C1514F09F21002E9A5E /* ActionResize.bundle */,
				03530C1314F09F18002E9A5E /* ActionChange.bundle */,
				03530C1114F09F0C002E9A5E /* ActionMouseDown.bundle */,
				03530C0F14F09EFD002E9A5E /* ActionMouseUp.bundle */,
				03530C0D14F09EE7002E9A5E /* ActionBlur.bundle */,
				0353096014F03355002E9A5E /* ActionClick.bundle */,
				03530A2114F06611002E9A5E /* ActionFocus.bundle */,
				03530A1B14F065ED002E9A5E /* ActionLoad.bundle */,
				03530A1F14F06605002E9A5E /* ActionMouseOut.bundle */,
				03530A1D14F065F7002E9A5E /* ActionMouseOver.bundle */,
			);
			name = Actions;
			sourceTree = "<group>";
		};
		038655EE14F179600054E026 /* Conditions */ = {
			isa = PBXGroup;
			children = (
				0386564414F18C800054E026 /* ConditionStatus.bundle */,
				0386561914F18C190054E026 /* ConditionValue.bundle */,
				038655B914F1751F0054E026 /* ConditionHasClass.bundle */,
			);
			name = Conditions;
			sourceTree = "<group>";
		};
/* End PBXGroup section */

/* Begin PBXNativeTarget section */
		0353092B14F02EE9002E9A5E /* RSTrixieEditor */ = {
			isa = PBXNativeTarget;
			buildConfigurationList = 0353094A14F02EEA002E9A5E /* Build configuration list for PBXNativeTarget "RSTrixieEditor" */;
			buildPhases = (
				0353092814F02EE9002E9A5E /* Sources */,
				0353092914F02EE9002E9A5E /* Frameworks */,
				0353092A14F02EE9002E9A5E /* Resources */,
				0353095D14F03339002E9A5E /* CopyFiles */,
			);
			buildRules = (
			);
			dependencies = (
			);
			name = RSTrixieEditor;
			productName = RSTrixieEditor;
			productReference = 0353092C14F02EE9002E9A5E /* RSTrixieEditor.app */;
			productType = "com.apple.product-type.application";
		};
/* End PBXNativeTarget section */

/* Begin PBXProject section */
		0353092314F02EE9002E9A5E /* Project object */ = {
			isa = PBXProject;
			attributes = {
				LastUpgradeCheck = 0430;
				ORGANIZATIONNAME = "Roaring Sky";
			};
			buildConfigurationList = 0353092614F02EE9002E9A5E /* Build configuration list for PBXProject "RSTrixieEditor" */;
			compatibilityVersion = "Xcode 3.2";
			developmentRegion = English;
			hasScannedForEncodings = 0;
			knownRegions = (
				en,
			);
			mainGroup = 0353092114F02EE9002E9A5E;
			productRefGroup = 0353092D14F02EE9002E9A5E /* Products */;
			projectDirPath = "";
			projectRoot = "";
			targets = (
				0353092B14F02EE9002E9A5E /* RSTrixieEditor */,
			);
		};
/* End PBXProject section */

/* Begin PBXResourcesBuildPhase section */
		0353092A14F02EE9002E9A5E /* Resources */ = {
			isa = PBXResourcesBuildPhase;
			buildActionMask = 2147483647;
			files = (
				0353093B14F02EE9002E9A5E /* InfoPlist.strings in Resources */,
				0353094114F02EE9002E9A5E /* Credits.rtf in Resources */,
				0353094714F02EEA002E9A5E /* MainMenu.xib in Resources */,
				0353095A14F031A9002E9A5E /* RSTrixieEditor.xib in Resources */,
				0353096314F033F7002E9A5E /* RSTrixieBrowser.xib in Resources */,
				03FCEBDB14F47D9900CD55B6 /* PreferencesController.xib in Resources */,
				035BD8A914F87A2C00AED64D /* RSTrixieTable.xib in Resources */,
			);
			runOnlyForDeploymentPostprocessing = 0;
		};
/* End PBXResourcesBuildPhase section */

/* Begin PBXSourcesBuildPhase section */
		0353092814F02EE9002E9A5E /* Sources */ = {
			isa = PBXSourcesBuildPhase;
			buildActionMask = 2147483647;
			files = (
				0353093D14F02EE9002E9A5E /* main.m in Sources */,
				0353094414F02EE9002E9A5E /* RSAppDelegate.m in Sources */,
				0353095514F0318C002E9A5E /* NSView+RSPositionView.m in Sources */,
				0353095914F031A9002E9A5E /* RSTrixieEditor.m in Sources */,
				0353096614F03414002E9A5E /* RSTrixieBrowser.m in Sources */,
				03DB6C7514F0D4770078618C /* RSWebView.m in Sources */,
				03FCEBD314F324BF00CD55B6 /* HelpController.m in Sources */,
				03FCEBDA14F47D9900CD55B6 /* PreferencesController.m in Sources */,
				0301B0E014F5FBF800CDB154 /* ResponderTrace.m in Sources */,
				037063AE14F73CD100B3AF0D /* RSTrixie-constants.m in Sources */,
				035BD8A814F87A2C00AED64D /* RSTrixieTable.m in Sources */,
			);
			runOnlyForDeploymentPostprocessing = 0;
		};
/* End PBXSourcesBuildPhase section */

/* Begin PBXVariantGroup section */
		0353093914F02EE9002E9A5E /* InfoPlist.strings */ = {
			isa = PBXVariantGroup;
			children = (
				0353093A14F02EE9002E9A5E /* en */,
			);
			name = InfoPlist.strings;
			sourceTree = "<group>";
		};
		0353093F14F02EE9002E9A5E /* Credits.rtf */ = {
			isa = PBXVariantGroup;
			children = (
				0353094014F02EE9002E9A5E /* en */,
			);
			name = Credits.rtf;
			sourceTree = "<group>";
		};
		0353094514F02EEA002E9A5E /* MainMenu.xib */ = {
			isa = PBXVariantGroup;
			children = (
				0353094614F02EEA002E9A5E /* en */,
			);
			name = MainMenu.xib;
			sourceTree = "<group>";
		};
/* End PBXVariantGroup section */

/* Begin XCBuildConfiguration section */
		0353094814F02EEA002E9A5E /* Debug */ = {
			isa = XCBuildConfiguration;
			buildSettings = {
				ALWAYS_SEARCH_USER_PATHS = NO;
				ARCHS = "$(ARCHS_STANDARD_64_BIT)";
				CLANG_ENABLE_OBJC_ARC = YES;
				COPY_PHASE_STRIP = NO;
				GCC_C_LANGUAGE_STANDARD = gnu99;
				GCC_DYNAMIC_NO_PIC = NO;
				GCC_ENABLE_OBJC_EXCEPTIONS = YES;
				GCC_OPTIMIZATION_LEVEL = 0;
				GCC_PREPROCESSOR_DEFINITIONS = (
					"DEBUG=1",
					"$(inherited)",
				);
				GCC_SYMBOLS_PRIVATE_EXTERN = NO;
				GCC_VERSION = com.apple.compilers.llvm.clang.1_0;
				GCC_WARN_64_TO_32_BIT_CONVERSION = YES;
				GCC_WARN_ABOUT_MISSING_PROTOTYPES = YES;
				GCC_WARN_ABOUT_RETURN_TYPE = YES;
				GCC_WARN_UNUSED_VARIABLE = YES;
				MACOSX_DEPLOYMENT_TARGET = 10.7;
				ONLY_ACTIVE_ARCH = YES;
				SDKROOT = macosx;
			};
			name = Debug;
		};
		0353094914F02EEA002E9A5E /* Release */ = {
			isa = XCBuildConfiguration;
			buildSettings = {
				ALWAYS_SEARCH_USER_PATHS = NO;
				ARCHS = "$(ARCHS_STANDARD_64_BIT)";
				CLANG_ENABLE_OBJC_ARC = YES;
				COPY_PHASE_STRIP = YES;
				DEBUG_INFORMATION_FORMAT = "dwarf-with-dsym";
				GCC_C_LANGUAGE_STANDARD = gnu99;
				GCC_ENABLE_OBJC_EXCEPTIONS = YES;
				GCC_VERSION = com.apple.compilers.llvm.clang.1_0;
				GCC_WARN_64_TO_32_BIT_CONVERSION = YES;
				GCC_WARN_ABOUT_MISSING_PROTOTYPES = YES;
				GCC_WARN_ABOUT_RETURN_TYPE = YES;
				GCC_WARN_UNUSED_VARIABLE = YES;
				MACOSX_DEPLOYMENT_TARGET = 10.7;
				SDKROOT = macosx;
			};
			name = Release;
		};
		0353094B14F02EEA002E9A5E /* Debug */ = {
			isa = XCBuildConfiguration;
			buildSettings = {
				FRAMEWORK_SEARCH_PATHS = (
					"~/Code/Workspaces/Trixie/RSTrixieEditor/RSTrixieEditor",
					"$(inherited)",
					"\"$(SRCROOT)/../../../../Library/Developer/Xcode/DerivedData/Workspace_Trixie-axnfrbtrkoszpiehooyethumxqxg/Build/Products/Debug\"",
				);
				GCC_PRECOMPILE_PREFIX_HEADER = YES;
				GCC_PREFIX_HEADER = "RSTrixieEditor/RSTrixieEditor-Prefix.pch";
				INFOPLIST_FILE = "RSTrixieEditor/RSTrixieEditor-Info.plist";
				LD_RUNPATH_SEARCH_PATHS = "@executable_path/../Frameworks";
				PRODUCT_NAME = "$(TARGET_NAME)";
				WRAPPER_EXTENSION = app;
			};
			name = Debug;
		};
		0353094C14F02EEA002E9A5E /* Release */ = {
			isa = XCBuildConfiguration;
			buildSettings = {
				FRAMEWORK_SEARCH_PATHS = (
					"~/Code/Workspaces/Trixie/RSTrixieEditor/RSTrixieEditor",
					"$(inherited)",
					"\"$(SRCROOT)/../../../../Library/Developer/Xcode/DerivedData/Workspace_Trixie-axnfrbtrkoszpiehooyethumxqxg/Build/Products/Debug\"",
				);
				GCC_PRECOMPILE_PREFIX_HEADER = YES;
				GCC_PREFIX_HEADER = "RSTrixieEditor/RSTrixieEditor-Prefix.pch";
				INFOPLIST_FILE = "RSTrixieEditor/RSTrixieEditor-Info.plist";
				LD_RUNPATH_SEARCH_PATHS = "@executable_path/../Frameworks";
				PRODUCT_NAME = "$(TARGET_NAME)";
				WRAPPER_EXTENSION = app;
			};
			name = Release;
		};
/* End XCBuildConfiguration section */

/* Begin XCConfigurationList section */
		0353092614F02EE9002E9A5E /* Build configuration list for PBXProject "RSTrixieEditor" */ = {
			isa = XCConfigurationList;
			buildConfigurations = (
				0353094814F02EEA002E9A5E /* Debug */,
				0353094914F02EEA002E9A5E /* Release */,
			);
			defaultConfigurationIsVisible = 0;
			defaultConfigurationName = Release;
		};
		0353094A14F02EEA002E9A5E /* Build configuration list for PBXNativeTarget "RSTrixieEditor" */ = {
			isa = XCConfigurationList;
			buildConfigurations = (
				0353094B14F02EEA002E9A5E /* Debug */,
				0353094C14F02EEA002E9A5E /* Release */,
			);
			defaultConfigurationIsVisible = 0;
			defaultConfigurationName = Release;
		};
/* End XCConfigurationList section */
	};
	rootObject = 0353092314F02EE9002E9A5E /* Project object */;
}
